
Microsoft Visual Studio Solution File, Format Version 12.00
# Visual Studio Version 17
VisualStudioVersion = 17.2.32616.157
MinimumVisualStudioVersion = 10.0.40219.1
Project("{FAE04EC0-301F-11D3-BF4B-00C04F79EFBC}") = "testLINQ", "testLINQ\testLINQ.csproj", "{4FDF0BF3-8F87-42F3-A09F-76F68C50908B}"
EndProject
Global
	GlobalSection(SolutionConfigurationPlatforms) = preSolution
		Debug|Any CPU = Debug|Any CPU
		Release|Any CPU = Release|Any CPU
	EndGlobalSection
	GlobalSection(ProjectConfigurationPlatforms) = postSolution
		{4FDF0BF3-8F87-42F3-A09F-76F68C50908B}.Debug|Any CPU.ActiveCfg = Debug|Any CPU
		{4FDF0BF3-8F87-42F3-A09F-76F68C50908B}.Debug|Any CPU.Build.0 = Debug|Any CPU
		{4FDF0BF3-8F87-42F3-A09F-76F68C50908B}.Release|Any CPU.ActiveCfg = Release|Any CPU
		{4FDF0BF3-8F87-42F3-A09F-76F68C50908B}.Release|Any CPU.Build.0 = Release|Any CPU
	EndGlobalSection
	GlobalSection(SolutionProperties) = preSolution
		HideSolutionNode = FALSE
	EndGlobalSection
	GlobalSection(ExtensibilityGlobals) = postSolution
		SolutionGuid = {5D088C36-50CA-4739-8BD3-47E6D5763233}
	EndGlobalSection
EndGlobal
